
Microsoft Visual Studio Solution File, Format Version 12.00
# Visual Studio Express 2013 for Windows Desktop
VisualStudioVersion = 12.0.31101.0
MinimumVisualStudioVersion = 10.0.40219.1
Project("{F2A71F9B-5D33-465A-A702-920D77279786}") = "Fazuki.Server", "Fazuki.Server\Fazuki.Server.fsproj", "{CC1B1C94-3548-4436-9DFB-7499E52BF26D}"
EndProject
Project("{F2A71F9B-5D33-465A-A702-920D77279786}") = "Fazuki.Common", "Fazuki.Common\Fazuki.Common.fsproj", "{09DFDDD7-D823-4D09-9617-7C563CA79A67}"
EndProject
Project("{F2A71F9B-5D33-465A-A702-920D77279786}") = "Fazuki.Client", "Fazuki.Client\Fazuki.Client.fsproj", "{D155FE29-070E-4B51-B296-68CDF6F78F85}"
EndProject
Project("{2150E333-8FDC-42A3-9474-1A3956D46DE8}") = "TestScripts", "TestScripts", "{9B669B2D-AE63-4554-95DA-C896ED1E284C}"
	ProjectSection(SolutionItems) = preProject
		TestScripts\Client.fsx = TestScripts\Client.fsx
		TestScripts\Server.fsx = TestScripts\Server.fsx
		TestScripts\zmq_test_client.fsx = TestScripts\zmq_test_client.fsx
		TestScripts\zmq_test_server.fsx = TestScripts\zmq_test_server.fsx
	EndProjectSection
EndProject
Project("{F2A71F9B-5D33-465A-A702-920D77279786}") = "Fazuki.Jil", "Fazuki.Jil\Fazuki.Jil.fsproj", "{CD2342B2-A0AE-42B2-AE20-09A2E048C380}"
EndProject
Project("{F2A71F9B-5D33-465A-A702-920D77279786}") = "Fazuki.NewtonsoftJson", "Fazuki.NewtonsoftJson\Fazuki.NewtonsoftJson.fsproj", "{CDCB13F0-A93B-4414-9332-194B3B6F5632}"
EndProject
Global
	GlobalSection(SolutionConfigurationPlatforms) = preSolution
		Debug|Any CPU = Debug|Any CPU
		Release|Any CPU = Release|Any CPU
	EndGlobalSection
	GlobalSection(ProjectConfigurationPlatforms) = postSolution
		{CC1B1C94-3548-4436-9DFB-7499E52BF26D}.Debug|Any CPU.ActiveCfg = Debug|Any CPU
		{CC1B1C94-3548-4436-9DFB-7499E52BF26D}.Debug|Any CPU.Build.0 = Debug|Any CPU
		{CC1B1C94-3548-4436-9DFB-7499E52BF26D}.Release|Any CPU.ActiveCfg = Release|Any CPU
		{CC1B1C94-3548-4436-9DFB-7499E52BF26D}.Release|Any CPU.Build.0 = Release|Any CPU
		{09DFDDD7-D823-4D09-9617-7C563CA79A67}.Debug|Any CPU.ActiveCfg = Debug|Any CPU
		{09DFDDD7-D823-4D09-9617-7C563CA79A67}.Debug|Any CPU.Build.0 = Debug|Any CPU
		{09DFDDD7-D823-4D09-9617-7C563CA79A67}.Release|Any CPU.ActiveCfg = Release|Any CPU
		{09DFDDD7-D823-4D09-9617-7C563CA79A67}.Release|Any CPU.Build.0 = Release|Any CPU
		{D155FE29-070E-4B51-B296-68CDF6F78F85}.Debug|Any CPU.ActiveCfg = Debug|Any CPU
		{D155FE29-070E-4B51-B296-68CDF6F78F85}.Debug|Any CPU.Build.0 = Debug|Any CPU
		{D155FE29-070E-4B51-B296-68CDF6F78F85}.Release|Any CPU.ActiveCfg = Release|Any CPU
		{D155FE29-070E-4B51-B296-68CDF6F78F85}.Release|Any CPU.Build.0 = Release|Any CPU
		{CD2342B2-A0AE-42B2-AE20-09A2E048C380}.Debug|Any CPU.ActiveCfg = Debug|Any CPU
		{CD2342B2-A0AE-42B2-AE20-09A2E048C380}.Debug|Any CPU.Build.0 = Debug|Any CPU
		{CD2342B2-A0AE-42B2-AE20-09A2E048C380}.Release|Any CPU.ActiveCfg = Release|Any CPU
		{CD2342B2-A0AE-42B2-AE20-09A2E048C380}.Release|Any CPU.Build.0 = Release|Any CPU
		{CDCB13F0-A93B-4414-9332-194B3B6F5632}.Debug|Any CPU.ActiveCfg = Debug|Any CPU
		{CDCB13F0-A93B-4414-9332-194B3B6F5632}.Debug|Any CPU.Build.0 = Debug|Any CPU
		{CDCB13F0-A93B-4414-9332-194B3B6F5632}.Release|Any CPU.ActiveCfg = Release|Any CPU
		{CDCB13F0-A93B-4414-9332-194B3B6F5632}.Release|Any CPU.Build.0 = Release|Any CPU
	EndGlobalSection
	GlobalSection(SolutionProperties) = preSolution
		HideSolutionNode = FALSE
	EndGlobalSection
EndGlobal
